// !$*UTF8*$!
{
	archiveVersion = 1;
	classes = {
	};
	objectVersion = 46;
	objects = {

/* Begin PBXBuildFile section */
		3A6B998A18AD31870008428A /* UILabel+Boldify.m in Sources */ = {isa = PBXBuildFile; fileRef = 3A6B998918AD31870008428A /* UILabel+Boldify.m */; };
		3A74159018AD26A3004621D6 /* Foundation.framework in Frameworks */ = {isa = PBXBuildFile; fileRef = 3A74158F18AD26A3004621D6 /* Foundation.framework */; };
		3A74159218AD26A3004621D6 /* CoreGraphics.framework in Frameworks */ = {isa = PBXBuildFile; fileRef = 3A74159118AD26A3004621D6 /* CoreGraphics.framework */; };
		3A74159418AD26A3004621D6 /* UIKit.framework in Frameworks */ = {isa = PBXBuildFile; fileRef = 3A74159318AD26A3004621D6 /* UIKit.framework */; };
		3A74159A18AD26A3004621D6 /* InfoPlist.strings in Resources */ = {isa = PBXBuildFile; fileRef = 3A74159818AD26A3004621D6 /* InfoPlist.strings */; };
		3A74159C18AD26A3004621D6 /* main.m in Sources */ = {isa = PBXBuildFile; fileRef = 3A74159B18AD26A3004621D6 /* main.m */; };
		3A7415A018AD26A3004621D6 /* AppDelegate.m in Sources */ = {isa = PBXBuildFile; fileRef = 3A74159F18AD26A3004621D6 /* AppDelegate.m */; };
		3A7415A318AD26A3004621D6 /* Main.storyboard in Resources */ = {isa = PBXBuildFile; fileRef = 3A7415A118AD26A3004621D6 /* Main.storyboard */; };
		3A7415A618AD26A3004621D6 /* ViewController.m in Sources */ = {isa = PBXBuildFile; fileRef = 3A7415A518AD26A3004621D6 /* ViewController.m */; };
		3A7415A818AD26A3004621D6 /* Images.xcassets in Resources */ = {isa = PBXBuildFile; fileRef = 3A7415A718AD26A3004621D6 /* Images.xcassets */; };
		3A7415AF18AD26A3004621D6 /* XCTest.framework in Frameworks */ = {isa = PBXBuildFile; fileRef = 3A7415AE18AD26A3004621D6 /* XCTest.framework */; };
		3A7415B018AD26A3004621D6 /* Foundation.framework in Frameworks */ = {isa = PBXBuildFile; fileRef = 3A74158F18AD26A3004621D6 /* Foundation.framework */; };
		3A7415B118AD26A3004621D6 /* UIKit.framework in Frameworks */ = {isa = PBXBuildFile; fileRef = 3A74159318AD26A3004621D6 /* UIKit.framework */; };
		3A7415B918AD26A3004621D6 /* InfoPlist.strings in Resources */ = {isa = PBXBuildFile; fileRef = 3A7415B718AD26A3004621D6 /* InfoPlist.strings */; };
		3A7415BB18AD26A3004621D6 /* LinkTests.m in Sources */ = {isa = PBXBuildFile; fileRef = 3A7415BA18AD26A3004621D6 /* LinkTests.m */; };
/* End PBXBuildFile section */

/* Begin PBXContainerItemProxy section */
		3A7415B218AD26A3004621D6 /* PBXContainerItemProxy */ = {
			isa = PBXContainerItemProxy;
			containerPortal = 3A74158418AD26A3004621D6 /* Project object */;
			proxyType = 1;
			remoteGlobalIDString = 3A74158B18AD26A3004621D6;
			remoteInfo = Link;
		};
/* End PBXContainerItemProxy section */

/* Begin PBXFileReference section */
		3A6B998818AD31870008428A /* UILabel+Boldify.h */ = {isa = PBXFileReference; fileEncoding = 4; lastKnownFileType = sourcecode.c.h; path = "UILabel+Boldify.h"; sourceTree = "<group>"; };
		3A6B998918AD31870008428A /* UILabel+Boldify.m */ = {isa = PBXFileReference; fileEncoding = 4; lastKnownFileType = sourcecode.c.objc; path = "UILabel+Boldify.m"; sourceTree = "<group>"; };
		3A74158C18AD26A3004621D6 /* Link.app */ = {isa = PBXFileReference; explicitFileType = wrapper.application; includeInIndex = 0; path = Link.app; sourceTree = BUILT_PRODUCTS_DIR; };
		3A74158F18AD26A3004621D6 /* Foundation.framework */ = {isa = PBXFileReference; lastKnownFileType = wrapper.framework; name = Foundation.framework; path = System/Library/Frameworks/Foundation.framework; sourceTree = SDKROOT; };
		3A74159118AD26A3004621D6 /* CoreGraphics.framework */ = {isa = PBXFileReference; lastKnownFileType = wrapper.framework; name = CoreGraphics.framework; path = System/Library/Frameworks/CoreGraphics.framework; sourceTree = SDKROOT; };
		3A74159318AD26A3004621D6 /* UIKit.framework */ = {isa = PBXFileReference; lastKnownFileType = wrapper.framework; name = UIKit.framework; path = System/Library/Frameworks/UIKit.framework; sourceTree = SDKROOT; };
		3A74159718AD26A3004621D6 /* Link-Info.plist */ = {isa = PBXFileReference; lastKnownFileType = text.plist.xml; path = "Link-Info.plist"; sourceTree = "<group>"; };
		3A74159918AD26A3004621D6 /* en */ = {isa = PBXFileReference; lastKnownFileType = text.plist.strings; name = en; path = en.lproj/InfoPlist.strings; sourceTree = "<group>"; };
		3A74159B18AD26A3004621D6 /* main.m */ = {isa = PBXFileReference; lastKnownFileType = sourcecode.c.objc; path = main.m; sourceTree = "<group>"; };
		3A74159D18AD26A3004621D6 /* Link-Prefix.pch */ = {isa = PBXFileReference; lastKnownFileType = sourcecode.c.h; path = "Link-Prefix.pch"; sourceTree = "<group>"; };
		3A74159E18AD26A3004621D6 /* AppDelegate.h */ = {isa = PBXFileReference; lastKnownFileType = sourcecode.c.h; path = AppDelegate.h; sourceTree = "<group>"; };
		3A74159F18AD26A3004621D6 /* AppDelegate.m */ = {isa = PBXFileReference; lastKnownFileType = sourcecode.c.objc; path = AppDelegate.m; sourceTree = "<group>"; };
		3A7415A218AD26A3004621D6 /* Base */ = {isa = PBXFileReference; lastKnownFileType = file.storyboard; name = Base; path = Base.lproj/Main.storyboard; sourceTree = "<group>"; };
		3A7415A418AD26A3004621D6 /* ViewController.h */ = {isa = PBXFileReference; lastKnownFileType = sourcecode.c.h; path = ViewController.h; sourceTree = "<group>"; };
		3A7415A518AD26A3004621D6 /* ViewController.m */ = {isa = PBXFileReference; lastKnownFileType = sourcecode.c.objc; path = ViewController.m; sourceTree = "<group>"; };
		3A7415A718AD26A3004621D6 /* Images.xcassets */ = {isa = PBXFileReference; lastKnownFileType = folder.assetcatalog; path = Images.xcassets; sourceTree = "<group>"; };
		3A7415AD18AD26A3004621D6 /* LinkTests.xctest */ = {isa = PBXFileReference; explicitFileType = wrapper.cfbundle; includeInIndex = 0; path = LinkTests.xctest; sourceTree = BUILT_PRODUCTS_DIR; };
		3A7415AE18AD26A3004621D6 /* XCTest.framework */ = {isa = PBXFileReference; lastKnownFileType = wrapper.framework; name = XCTest.framework; path = Library/Frameworks/XCTest.framework; sourceTree = DEVELOPER_DIR; };
		3A7415B618AD26A3004621D6 /* LinkTests-Info.plist */ = {isa = PBXFileReference; lastKnownFileType = text.plist.xml; path = "LinkTests-Info.plist"; sourceTree = "<group>"; };
		3A7415B818AD26A3004621D6 /* en */ = {isa = PBXFileReference; lastKnownFileType = text.plist.strings; name = en; path = en.lproj/InfoPlist.strings; sourceTree = "<group>"; };
		3A7415BA18AD26A3004621D6 /* LinkTests.m */ = {isa = PBXFileReference; lastKnownFileType = sourcecode.c.objc; path = LinkTests.m; sourceTree = "<group>"; };
/* End PBXFileReference section */

/* Begin PBXFrameworksBuildPhase section */
		3A74158918AD26A3004621D6 /* Frameworks */ = {
			isa = PBXFrameworksBuildPhase;
			buildActionMask = 2147483647;
			files = (
				3A74159218AD26A3004621D6 /* CoreGraphics.framework in Frameworks */,
				3A74159418AD26A3004621D6 /* UIKit.framework in Frameworks */,
				3A74159018AD26A3004621D6 /* Foundation.framework in Frameworks */,
			);
			runOnlyForDeploymentPostprocessing = 0;
		};
		3A7415AA18AD26A3004621D6 /* Frameworks */ = {
			isa = PBXFrameworksBuildPhase;
			buildActionMask = 2147483647;
			files = (
				3A7415AF18AD26A3004621D6 /* XCTest.framework in Frameworks */,
				3A7415B118AD26A3004621D6 /* UIKit.framework in Frameworks */,
				3A7415B018AD26A3004621D6 /* Foundation.framework in Frameworks */,
			);
			runOnlyForDeploymentPostprocessing = 0;
		};
/* End PBXFrameworksBuildPhase section */

/* Begin PBXGroup section */
		3A74158318AD26A3004621D6 = {
			isa = PBXGroup;
			children = (
				3A74159518AD26A3004621D6 /* Link */,
				3A7415B418AD26A3004621D6 /* LinkTests */,
				3A74158E18AD26A3004621D6 /* Frameworks */,
				3A74158D18AD26A3004621D6 /* Products */,
			);
			sourceTree = "<group>";
		};
		3A74158D18AD26A3004621D6 /* Products */ = {
			isa = PBXGroup;
			children = (
				3A74158C18AD26A3004621D6 /* Link.app */,
				3A7415AD18AD26A3004621D6 /* LinkTests.xctest */,
			);
			name = Products;
			sourceTree = "<group>";
		};
		3A74158E18AD26A3004621D6 /* Frameworks */ = {
			isa = PBXGroup;
			children = (
				3A74158F18AD26A3004621D6 /* Foundation.framework */,
				3A74159118AD26A3004621D6 /* CoreGraphics.framework */,
				3A74159318AD26A3004621D6 /* UIKit.framework */,
				3A7415AE18AD26A3004621D6 /* XCTest.framework */,
			);
			name = Frameworks;
			sourceTree = "<group>";
		};
		3A74159518AD26A3004621D6 /* Link */ = {
			isa = PBXGroup;
			children = (
				3A74159E18AD26A3004621D6 /* AppDelegate.h */,
				3A74159F18AD26A3004621D6 /* AppDelegate.m */,
				3A7415A118AD26A3004621D6 /* Main.storyboard */,
				3A7415A418AD26A3004621D6 /* ViewController.h */,
				3A7415A518AD26A3004621D6 /* ViewController.m */,
				3A7415A718AD26A3004621D6 /* Images.xcassets */,
				3A74159618AD26A3004621D6 /* Supporting Files */,
				3A6B998818AD31870008428A /* UILabel+Boldify.h */,
				3A6B998918AD31870008428A /* UILabel+Boldify.m */,
			);
			path = Link;
			sourceTree = "<group>";
		};
		3A74159618AD26A3004621D6 /* Supporting Files */ = {
			isa = PBXGroup;
			children = (
				3A74159718AD26A3004621D6 /* Link-Info.plist */,
				3A74159818AD26A3004621D6 /* InfoPlist.strings */,
				3A74159B18AD26A3004621D6 /* main.m */,
				3A74159D18AD26A3004621D6 /* Link-Prefix.pch */,
			);
			name = "Supporting Files";
			sourceTree = "<group>";
		};
		3A7415B418AD26A3004621D6 /* LinkTests */ = {
			isa = PBXGroup;
			children = (
				3A7415BA18AD26A3004621D6 /* LinkTests.m */,
				3A7415B518AD26A3004621D6 /* Supporting Files */,
			);
			path = LinkTests;
			sourceTree = "<group>";
		};
		3A7415B518AD26A3004621D6 /* Supporting Files */ = {
			isa = PBXGroup;
			children = (
				3A7415B618AD26A3004621D6 /* LinkTests-Info.plist */,
				3A7415B718AD26A3004621D6 /* InfoPlist.strings */,
			);
			name = "Supporting Files";
			sourceTree = "<group>";
		};
/* End PBXGroup section */

/* Begin PBXNativeTarget section */
		3A74158B18AD26A3004621D6 /* Link */ = {
			isa = PBXNativeTarget;
			buildConfigurationList = 3A7415BE18AD26A3004621D6 /* Build configuration list for PBXNativeTarget "Link" */;
			buildPhases = (
				3A74158818AD26A3004621D6 /* Sources */,
				3A74158918AD26A3004621D6 /* Frameworks */,
				3A74158A18AD26A3004621D6 /* Resources */,
			);
			buildRules = (
			);
			dependencies = (
			);
			name = Link;
			productName = Link;
			productReference = 3A74158C18AD26A3004621D6 /* Link.app */;
			productType = "com.apple.product-type.application";
		};
		3A7415AC18AD26A3004621D6 /* LinkTests */ = {
			isa = PBXNativeTarget;
			buildConfigurationList = 3A7415C118AD26A3004621D6 /* Build configuration list for PBXNativeTarget "LinkTests" */;
			buildPhases = (
				3A7415A918AD26A3004621D6 /* Sources */,
				3A7415AA18AD26A3004621D6 /* Frameworks */,
				3A7415AB18AD26A3004621D6 /* Resources */,
			);
			buildRules = (
			);
			dependencies = (
				3A7415B318AD26A3004621D6 /* PBXTargetDependency */,
			);
			name = LinkTests;
			productName = LinkTests;
			productReference = 3A7415AD18AD26A3004621D6 /* LinkTests.xctest */;
			productType = "com.apple.product-type.bundle.unit-test";
		};
/* End PBXNativeTarget section */

/* Begin PBXProject section */
		3A74158418AD26A3004621D6 /* Project object */ = {
			isa = PBXProject;
			attributes = {
				LastUpgradeCheck = 0500;
				ORGANIZATIONNAME = "Bravo Inovação";
				TargetAttributes = {
					3A7415AC18AD26A3004621D6 = {
						TestTargetID = 3A74158B18AD26A3004621D6;
					};
				};
			};
			buildConfigurationList = 3A74158718AD26A3004621D6 /* Build configuration list for PBXProject "Link" */;
			compatibilityVersion = "Xcode 3.2";
			developmentRegion = English;
			hasScannedForEncodings = 0;
			knownRegions = (
				en,
				Base,
			);
			mainGroup = 3A74158318AD26A3004621D6;
			productRefGroup = 3A74158D18AD26A3004621D6 /* Products */;
			projectDirPath = "";
			projectRoot = "";
			targets = (
				3A74158B18AD26A3004621D6 /* Link */,
				3A7415AC18AD26A3004621D6 /* LinkTests */,
			);
		};
/* End PBXProject section */

/* Begin PBXResourcesBuildPhase section */
		3A74158A18AD26A3004621D6 /* Resources */ = {
			isa = PBXResourcesBuildPhase;
			buildActionMask = 2147483647;
			files = (
				3A7415A818AD26A3004621D6 /* Images.xcassets in Resources */,
				3A74159A18AD26A3004621D6 /* InfoPlist.strings in Resources */,
				3A7415A318AD26A3004621D6 /* Main.storyboard in Resources */,
			);
			runOnlyForDeploymentPostprocessing = 0;
		};
		3A7415AB18AD26A3004621D6 /* Resources */ = {
			isa = PBXResourcesBuildPhase;
			buildActionMask = 2147483647;
			files = (
				3A7415B918AD26A3004621D6 /* InfoPlist.strings in Resources */,
			);
			runOnlyForDeploymentPostprocessing = 0;
		};
/* End PBXResourcesBuildPhase section */

/* Begin PBXSourcesBuildPhase section */
		3A74158818AD26A3004621D6 /* Sources */ = {
			isa = PBXSourcesBuildPhase;
			buildActionMask = 2147483647;
			files = (
				3A7415A618AD26A3004621D6 /* ViewController.m in Sources */,
				3A7415A018AD26A3004621D6 /* AppDelegate.m in Sources */,
				3A6B998A18AD31870008428A /* UILabel+Boldify.m in Sources */,
				3A74159C18AD26A3004621D6 /* main.m in Sources */,
			);
			runOnlyForDeploymentPostprocessing = 0;
		};
		3A7415A918AD26A3004621D6 /* Sources */ = {
			isa = PBXSourcesBuildPhase;
			buildActionMask = 2147483647;
			files = (
				3A7415BB18AD26A3004621D6 /* LinkTests.m in Sources */,
			);
			runOnlyForDeploymentPostprocessing = 0;
		};
/* End PBXSourcesBuildPhase section */

/* Begin PBXTargetDependency section */
		3A7415B318AD26A3004621D6 /* PBXTargetDependency */ = {
			isa = PBXTargetDependency;
			target = 3A74158B18AD26A3004621D6 /* Link */;
			targetProxy = 3A7415B218AD26A3004621D6 /* PBXContainerItemProxy */;
		};
/* End PBXTargetDependency section */

/* Begin PBXVariantGroup section */
		3A74159818AD26A3004621D6 /* InfoPlist.strings */ = {
			isa = PBXVariantGroup;
			children = (
				3A74159918AD26A3004621D6 /* en */,
			);
			name = InfoPlist.strings;
			sourceTree = "<group>";
		};
		3A7415A118AD26A3004621D6 /* Main.storyboard */ = {
			isa = PBXVariantGroup;
			children = (
				3A7415A218AD26A3004621D6 /* Base */,
			);
			name = Main.storyboard;
			sourceTree = "<group>";
		};
		3A7415B718AD26A3004621D6 /* InfoPlist.strings */ = {
			isa = PBXVariantGroup;
			children = (
				3A7415B818AD26A3004621D6 /* en */,
			);
			name = InfoPlist.strings;
			sourceTree = "<group>";
		};
/* End PBXVariantGroup section */

/* Begin XCBuildConfiguration section */
		3A7415BC18AD26A3004621D6 /* Debug */ = {
			isa = XCBuildConfiguration;
			buildSettings = {
				ALWAYS_SEARCH_USER_PATHS = NO;
				ARCHS = "$(ARCHS_STANDARD_INCLUDING_64_BIT)";
				CLANG_CXX_LANGUAGE_STANDARD = "gnu++0x";
				CLANG_CXX_LIBRARY = "libc++";
				CLANG_ENABLE_MODULES = YES;
				CLANG_ENABLE_OBJC_ARC = YES;
				CLANG_WARN_BOOL_CONVERSION = YES;
				CLANG_WARN_CONSTANT_CONVERSION = YES;
				CLANG_WARN_DIRECT_OBJC_ISA_USAGE = YES_ERROR;
				CLANG_WARN_EMPTY_BODY = YES;
				CLANG_WARN_ENUM_CONVERSION = YES;
				CLANG_WARN_INT_CONVERSION = YES;
				CLANG_WARN_OBJC_ROOT_CLASS = YES_ERROR;
				CLANG_WARN__DUPLICATE_METHOD_MATCH = YES;
				"CODE_SIGN_IDENTITY[sdk=iphoneos*]" = "iPhone Developer";
				COPY_PHASE_STRIP = NO;
				GCC_C_LANGUAGE_STANDARD = gnu99;
				GCC_DYNAMIC_NO_PIC = NO;
				GCC_OPTIMIZATION_LEVEL = 0;
				GCC_PREPROCESSOR_DEFINITIONS = (
					"DEBUG=1",
					"$(inherited)",
				);
				GCC_SYMBOLS_PRIVATE_EXTERN = NO;
				GCC_WARN_64_TO_32_BIT_CONVERSION = YES;
				GCC_WARN_ABOUT_RETURN_TYPE = YES_ERROR;
				GCC_WARN_UNDECLARED_SELECTOR = YES;
				GCC_WARN_UNINITIALIZED_AUTOS = YES;
				GCC_WARN_UNUSED_FUNCTION = YES;
				GCC_WARN_UNUSED_VARIABLE = YES;
				IPHONEOS_DEPLOYMENT_TARGET = 7.0;
				ONLY_ACTIVE_ARCH = YES;
				SDKROOT = iphoneos;
			};
			name = Debug;
		};
		3A7415BD18AD26A3004621D6 /* Release */ = {
			isa = XCBuildConfiguration;
			buildSettings = {
				ALWAYS_SEARCH_USER_PATHS = NO;
				ARCHS = "$(ARCHS_STANDARD_INCLUDING_64_BIT)";
				CLANG_CXX_LANGUAGE_STANDARD = "gnu++0x";
				CLANG_CXX_LIBRARY = "libc++";
				CLANG_ENABLE_MODULES = YES;
				CLANG_ENABLE_OBJC_ARC = YES;
				CLANG_WARN_BOOL_CONVERSION = YES;
				CLANG_WARN_CONSTANT_CONVERSION = YES;
				CLANG_WARN_DIRECT_OBJC_ISA_USAGE = YES_ERROR;
				CLANG_WARN_EMPTY_BODY = YES;
				CLANG_WARN_ENUM_CONVERSION = YES;
				CLANG_WARN_INT_CONVERSION = YES;
				CLANG_WARN_OBJC_ROOT_CLASS = YES_ERROR;
				CLANG_WARN__DUPLICATE_METHOD_MATCH = YES;
				"CODE_SIGN_IDENTITY[sdk=iphoneos*]" = "iPhone Developer";
				COPY_PHASE_STRIP = YES;
				ENABLE_NS_ASSERTIONS = NO;
				GCC_C_LANGUAGE_STANDARD = gnu99;
				GCC_WARN_64_TO_32_BIT_CONVERSION = YES;
				GCC_WARN_ABOUT_RETURN_TYPE = YES_ERROR;
				GCC_WARN_UNDECLARED_SELECTOR = YES;
				GCC_WARN_UNINITIALIZED_AUTOS = YES;
				GCC_WARN_UNUSED_FUNCTION = YES;
				GCC_WARN_UNUSED_VARIABLE = YES;
				IPHONEOS_DEPLOYMENT_TARGET = 7.0;
				SDKROOT = iphoneos;
				VALIDATE_PRODUCT = YES;
			};
			name = Release;
		};
		3A7415BF18AD26A3004621D6 /* Debug */ = {
			isa = XCBuildConfiguration;
			buildSettings = {
				ASSETCATALOG_COMPILER_APPICON_NAME = AppIcon;
				ASSETCATALOG_COMPILER_LAUNCHIMAGE_NAME = LaunchImage;
				GCC_PRECOMPILE_PREFIX_HEADER = YES;
				GCC_PREFIX_HEADER = "Link/Link-Prefix.pch";
				INFOPLIST_FILE = "Link/Link-Info.plist";
				PRODUCT_NAME = "$(TARGET_NAME)";
				WRAPPER_EXTENSION = app;
			};
			name = Debug;
		};
		3A7415C018AD26A3004621D6 /* Release */ = {
			isa = XCBuildConfiguration;
			buildSettings = {
				ASSETCATALOG_COMPILER_APPICON_NAME = AppIcon;
				ASSETCATALOG_COMPILER_LAUNCHIMAGE_NAME = LaunchImage;
				GCC_PRECOMPILE_PREFIX_HEADER = YES;
				GCC_PREFIX_HEADER = "Link/Link-Prefix.pch";
				INFOPLIST_FILE = "Link/Link-Info.plist";
				PRODUCT_NAME = "$(TARGET_NAME)";
				WRAPPER_EXTENSION = app;
			};
			name = Release;
		};
		3A7415C218AD26A3004621D6 /* Debug */ = {
			isa = XCBuildConfiguration;
			buildSettings = {
				ARCHS = "$(ARCHS_STANDARD_INCLUDING_64_BIT)";
				BUNDLE_LOADER = "$(BUILT_PRODUCTS_DIR)/Link.app/Link";
				FRAMEWORK_SEARCH_PATHS = (
					"$(SDKROOT)/Developer/Library/Frameworks",
					"$(inherited)",
					"$(DEVELOPER_FRAMEWORKS_DIR)",
				);
				GCC_PRECOMPILE_PREFIX_HEADER = YES;
				GCC_PREFIX_HEADER = "Link/Link-Prefix.pch";
				GCC_PREPROCESSOR_DEFINITIONS = (
					"DEBUG=1",
					"$(inherited)",
				);
				INFOPLIST_FILE = "LinkTests/LinkTests-Info.plist";
				PRODUCT_NAME = "$(TARGET_NAME)";
				TEST_HOST = "$(BUNDLE_LOADER)";
				WRAPPER_EXTENSION = xctest;
			};
			name = Debug;
		};
		3A7415C318AD26A3004621D6 /* Release */ = {
			isa = XCBuildConfiguration;
			buildSettings = {
				ARCHS = "$(ARCHS_STANDARD_INCLUDING_64_BIT)";
				BUNDLE_LOADER = "$(BUILT_PRODUCTS_DIR)/Link.app/Link";
				FRAMEWORK_SEARCH_PATHS = (
					"$(SDKROOT)/Developer/Library/Frameworks",
					"$(inherited)",
					"$(DEVELOPER_FRAMEWORKS_DIR)",
				);
				GCC_PRECOMPILE_PREFIX_HEADER = YES;
				GCC_PREFIX_HEADER = "Link/Link-Prefix.pch";
				INFOPLIST_FILE = "LinkTests/LinkTests-Info.plist";
				PRODUCT_NAME = "$(TARGET_NAME)";
				TEST_HOST = "$(BUNDLE_LOADER)";
				WRAPPER_EXTENSION = xctest;
			};
			name = Release;
		};
/* End XCBuildConfiguration section */

/* Begin XCConfigurationList section */
		3A74158718AD26A3004621D6 /* Build configuration list for PBXProject "Link" */ = {
			isa = XCConfigurationList;
			buildConfigurations = (
				3A7415BC18AD26A3004621D6 /* Debug */,
				3A7415BD18AD26A3004621D6 /* Release */,
			);
			defaultConfigurationIsVisible = 0;
			defaultConfigurationName = Release;
		};
		3A7415BE18AD26A3004621D6 /* Build configuration list for PBXNativeTarget "Link" */ = {
			isa = XCConfigurationList;
			buildConfigurations = (
				3A7415BF18AD26A3004621D6 /* Debug */,
				3A7415C018AD26A3004621D6 /* Release */,
			);
			defaultConfigurationIsVisible = 0;
			defaultConfigurationName = Release;
		};
		3A7415C118AD26A3004621D6 /* Build configuration list for PBXNativeTarget "LinkTests" */ = {
			isa = XCConfigurationList;
			buildConfigurations = (
				3A7415C218AD26A3004621D6 /* Debug */,
				3A7415C318AD26A3004621D6 /* Release */,
			);
			defaultConfigurationIsVisible = 0;
			defaultConfigurationName = Release;
		};
/* End XCConfigurationList section */
	};
	rootObject = 3A74158418AD26A3004621D6 /* Project object */;
}
